{
  "name": "Calculator",
  "lockfileVersion": 3,
  "requires": true,
  "packages": {
    "": {
      "dependencies": {
        "math-expression-evaluator": "^2.0.5"
      }
    },
    "node_modules/math-expression-evaluator": {
      "version": "2.0.5",
      "resolved": "https://registry.npmjs.org/math-expression-evaluator/-/math-expression-evaluator-2.0.5.tgz",
      "integrity": "sha512-C8Ifr3BpZ1E8ncWiHltndUkimvkzBwEiXPRyDJVxspo/G7zSN8tLHwFVfrGotvWzu2wuRkjnxaEayFblepmN5Q=="
    }
  }
}
